{
  "name": "project",
  "version": "1.0.0",
  "lockfileVersion": 2,
  "requires": true,
  "packages": {
    "": {
      "version": "1.0.0",
      "license": "ISC",
      "dependencies": {
        "weui-miniprogram": "^1.0.7"
      }
    },
    "node_modules/weui-miniprogram": {
      "version": "1.0.7",
      "resolved": "https://registry.npmjs.org/weui-miniprogram/-/weui-miniprogram-1.0.7.tgz",
      "integrity": "sha512-tXpLnUyaN1jEZHlYAWid3q+Rbov6a90t7QX4uunEa9E2+IUrVLqxo1Q1CfT1uTtjE5hqg6ABGU0NA819Ga1D3g=="
    }
  },
  "dependencies": {
    "weui-miniprogram": {
      "version": "1.0.7",
      "resolved": "https://registry.npmjs.org/weui-miniprogram/-/weui-miniprogram-1.0.7.tgz",
      "integrity": "sha512-tXpLnUyaN1jEZHlYAWid3q+Rbov6a90t7QX4uunEa9E2+IUrVLqxo1Q1CfT1uTtjE5hqg6ABGU0NA819Ga1D3g=="
    }
  }
}
